
Microsoft Visual Studio Solution File, Format Version 12.00
# Visual Studio Version 16
VisualStudioVersion = 16.0.31129.286
MinimumVisualStudioVersion = 10.0.40219.1
Project("{FAE04EC0-301F-11D3-BF4B-00C04F79EFBC}") = "DotNetCore5.Api.Lab", "DotNetCore5.Api.Lab.csproj", "{30025652-53B1-4DED-A063-E4332C25BCAA}"
EndProject
Global
	GlobalSection(SolutionConfigurationPlatforms) = preSolution
		Debug|Any CPU = Debug|Any CPU
		Release|Any CPU = Release|Any CPU
	EndGlobalSection
	GlobalSection(ProjectConfigurationPlatforms) = postSolution
		{30025652-53B1-4DED-A063-E4332C25BCAA}.Debug|Any CPU.ActiveCfg = Debug|Any CPU
		{30025652-53B1-4DED-A063-E4332C25BCAA}.Debug|Any CPU.Build.0 = Debug|Any CPU
		{30025652-53B1-4DED-A063-E4332C25BCAA}.Release|Any CPU.ActiveCfg = Release|Any CPU
		{30025652-53B1-4DED-A063-E4332C25BCAA}.Release|Any CPU.Build.0 = Release|Any CPU
	EndGlobalSection
	GlobalSection(SolutionProperties) = preSolution
		HideSolutionNode = FALSE
	EndGlobalSection
	GlobalSection(ExtensibilityGlobals) = postSolution
		SolutionGuid = {DDE17F57-B646-46F9-AFBB-5FA25AA03844}
	EndGlobalSection
EndGlobal
